<?xml version="1.0" encoding="utf-8"?>
<Project ToolsVersion="4.0" xmlns="http://schemas.microsoft.com/developer/msbuild/2003">
  <ItemGroup>
    <Filter Include="源文件">
      <UniqueIdentifier>{4FC737F1-C7A5-4376-A066-2A32D752A2FF}</UniqueIdentifier>
      <Extensions>cpp;c;cc;cxx;def;odl;idl;hpj;bat;asm;asmx</Extensions>
    </Filter>
    <Filter Include="头文件">
      <UniqueIdentifier>{93995380-89BD-4b04-88EB-625FBE52EBFB}</UniqueIdentifier>
      <Extensions>h;hh;hpp;hxx;hm;inl;inc;xsd</Extensions>
    </Filter>
    <Filter Include="资源文件">
      <UniqueIdentifier>{67DA6AB6-F800-4c08-8B7A-83BB121AAD01}</UniqueIdentifier>
      <Extensions>rc;ico;cur;bmp;dlg;rc2;rct;bin;rgs;gif;jpg;jpeg;jpe;resx;tiff;tif;png;wav;mfcribbon-ms</Extensions>
    </Filter>
    <Filter Include="头文件\Controller">
      <UniqueIdentifier>{d1c70040-69ff-42d4-8247-13bd13c3d658}</UniqueIdentifier>
    </Filter>
    <Filter Include="头文件\Service">
      <UniqueIdentifier>{54518379-0f6d-48ea-8b53-b42dae47bc9f}</UniqueIdentifier>
    </Filter>
    <Filter Include="源文件\View">
      <UniqueIdentifier>{a82f5050-e76b-4ec3-aa81-81ca5d7c046a}</UniqueIdentifier>
    </Filter>
    <Filter Include="源文件\Service">
      <UniqueIdentifier>{068757be-8ea2-4b76-bffd-cd08397d7584}</UniqueIdentifier>
    </Filter>
    <Filter Include="源文件\Utils">
      <UniqueIdentifier>{a85a9f2f-534d-4c3f-af73-7d4078d040e7}</UniqueIdentifier>
    </Filter>
    <Filter Include="头文件\Utils">
      <UniqueIdentifier>{43600346-829f-4b2f-bf05-7aa2677ea964}</UniqueIdentifier>
    </Filter>
    <Filter Include="源文件\entity">
      <UniqueIdentifier>{fadd07fd-7805-4fda-8746-87f2e264bb6d}</UniqueIdentifier>
    </Filter>
    <Filter Include="源文件\dao">
      <UniqueIdentifier>{dc877f23-e367-4b55-85b0-c2520256dabd}</UniqueIdentifier>
    </Filter>
    <Filter Include="源文件\dao\basedao">
      <UniqueIdentifier>{81d9fac5-fc56-45d7-9823-4169a2e75b6e}</UniqueIdentifier>
    </Filter>
    <Filter Include="头文件\FFT">
      <UniqueIdentifier>{07eddc42-6955-4c1b-99ed-c94d16d02315}</UniqueIdentifier>
    </Filter>
    <Filter Include="头文件\View">
      <UniqueIdentifier>{d02a1e50-aaa4-4e8f-919d-843eb945a575}</UniqueIdentifier>
    </Filter>
    <Filter Include="GridCtrl">
      <UniqueIdentifier>{5e181a81-ed64-42d0-a659-63633fabbac8}</UniqueIdentifier>
    </Filter>
    <Filter Include="ChartCtrl">
      <UniqueIdentifier>{f8e3ad54-7e20-456e-a532-837227df9190}</UniqueIdentifier>
    </Filter>
    <Filter Include="头文件\entity">
      <UniqueIdentifier>{65b8e1e7-4a7d-473b-b531-f1f382895c0b}</UniqueIdentifier>
    </Filter>
    <Filter Include="Redis">
      <UniqueIdentifier>{0a6ada75-d743-4bad-b35a-41f254ae866d}</UniqueIdentifier>
    </Filter>
    <Filter Include="NewCellTypes">
      <UniqueIdentifier>{2a3d2024-2a8a-45c7-9c40-511f78656046}</UniqueIdentifier>
    </Filter>
    <Filter Include="rapidjson">
      <UniqueIdentifier>{5817417a-6a17-48f7-9c69-df59a82e7108}</UniqueIdentifier>
    </Filter>
    <Filter Include="rapidjson\error">
      <UniqueIdentifier>{ea224cd6-c574-4fcf-b1f7-9e39c0ce428b}</UniqueIdentifier>
    </Filter>
    <Filter Include="rapidjson\internal">
      <UniqueIdentifier>{fda6f38a-a4c2-4135-9b39-fd4a8d88e071}</UniqueIdentifier>
    </Filter>
    <Filter Include="rapidjson\msinttypes">
      <UniqueIdentifier>{c8c9f03e-5362-4acd-8287-288fdd875b19}</UniqueIdentifier>
    </Filter>
    <Filter Include="源文件\View\图形属性">
      <UniqueIdentifier>{58f0ba61-4c04-4db6-9fbb-afdd62807a4c}</UniqueIdentifier>
    </Filter>
    <Filter Include="头文件\View\图形属性">
      <UniqueIdentifier>{2d2a8143-5526-41d5-8f59-502f0fdf323b}</UniqueIdentifier>
    </Filter>
    <Filter Include="源文件\Controller">
      <UniqueIdentifier>{cbc929cc-2583-4f72-9820-92e05284f936}</UniqueIdentifier>
    </Filter>
    <Filter Include="头文件\dao">
      <UniqueIdentifier>{895c9c0d-11b2-4a59-a164-db982858fd60}</UniqueIdentifier>
    </Filter>
    <Filter Include="头文件\dao\basedao">
      <UniqueIdentifier>{83d46d13-d3f5-429e-9494-9d14535b0e82}</UniqueIdentifier>
    </Filter>
  </ItemGroup>
  <ItemGroup>
    <Text Include="ReadMe.txt" />
  </ItemGroup>
  <ItemGroup>
    <ClInclude Include="AirCraftCasingVibrateSystem.h">
      <Filter>头文件</Filter>
    </ClInclude>
    <ClInclude Include="targetver.h">
      <Filter>头文件</Filter>
    </ClInclude>
    <ClInclude Include="ChildFrm.h">
      <Filter>头文件</Filter>
    </ClInclude>
    <ClInclude Include="AirCraftCasingVibrateSystemDoc.h">
      <Filter>头文件</Filter>
    </ClInclude>
    <ClInclude Include="MainFrm.h">
      <Filter>头文件</Filter>
    </ClInclude>
    <ClInclude Include="stdafx.h">
      <Filter>头文件</Filter>
    </ClInclude>
    <ClInclude Include="GridCtrl_src\CellRange.h">
      <Filter>GridCtrl</Filter>
    </ClInclude>
    <ClInclude Include="GridCtrl_src\GCMemDC.h">
      <Filter>GridCtrl</Filter>
    </ClInclude>
    <ClInclude Include="GridCtrl_src\GridCell.h">
      <Filter>GridCtrl</Filter>
    </ClInclude>
    <ClInclude Include="GridCtrl_src\GridCellBase.h">
      <Filter>GridCtrl</Filter>
    </ClInclude>
    <ClInclude Include="GridCtrl_src\GridCtrl.h">
      <Filter>GridCtrl</Filter>
    </ClInclude>
    <ClInclude Include="GridCtrl_src\GridDropTarget.h">
      <Filter>GridCtrl</Filter>
    </ClInclude>
    <ClInclude Include="GridCtrl_src\InPlaceEdit.h">
      <Filter>GridCtrl</Filter>
    </ClInclude>
    <ClInclude Include="GridCtrl_src\TitleTip.h">
      <Filter>GridCtrl</Filter>
    </ClInclude>
    <ClInclude Include="ChartCtrl\ChartAxis.h">
      <Filter>ChartCtrl</Filter>
    </ClInclude>
    <ClInclude Include="ChartCtrl\ChartAxisDu.h">
      <Filter>ChartCtrl</Filter>
    </ClInclude>
    <ClInclude Include="ChartCtrl\ChartAxisLabel.h">
      <Filter>ChartCtrl</Filter>
    </ClInclude>
    <ClInclude Include="ChartCtrl\ChartBalloonLabel.h">
      <Filter>ChartCtrl</Filter>
    </ClInclude>
    <ClInclude Include="ChartCtrl\ChartBarAxisDu.h">
      <Filter>ChartCtrl</Filter>
    </ClInclude>
    <ClInclude Include="ChartCtrl\ChartBarSerie.h">
      <Filter>ChartCtrl</Filter>
    </ClInclude>
    <ClInclude Include="ChartCtrl\ChartBarSerieDu.h">
      <Filter>ChartCtrl</Filter>
    </ClInclude>
    <ClInclude Include="ChartCtrl\ChartCandlestickSerie.h">
      <Filter>ChartCtrl</Filter>
    </ClInclude>
    <ClInclude Include="ChartCtrl\ChartCrossHairCursor.h">
      <Filter>ChartCtrl</Filter>
    </ClInclude>
    <ClInclude Include="ChartCtrl\ChartCtrl.h">
      <Filter>ChartCtrl</Filter>
    </ClInclude>
    <ClInclude Include="ChartCtrl\ChartCursor.h">
      <Filter>ChartCtrl</Filter>
    </ClInclude>
    <ClInclude Include="ChartCtrl\ChartDateTimeAxis.h">
      <Filter>ChartCtrl</Filter>
    </ClInclude>
    <ClInclude Include="ChartCtrl\ChartDragLineCursor.h">
      <Filter>ChartCtrl</Filter>
    </ClInclude>
    <ClInclude Include="ChartCtrl\ChartDragLineCursorDu.h">
      <Filter>ChartCtrl</Filter>
    </ClInclude>
    <ClInclude Include="ChartCtrl\ChartDuCursorPeak.h">
      <Filter>ChartCtrl</Filter>
    </ClInclude>
    <ClInclude Include="ChartCtrl\ChartDuCursorTrough.h">
      <Filter>ChartCtrl</Filter>
    </ClInclude>
    <ClInclude Include="ChartCtrl\ChartDuCursorXie.h">
      <Filter>ChartCtrl</Filter>
    </ClInclude>
    <ClInclude Include="ChartCtrl\ChartFont.h">
      <Filter>ChartCtrl</Filter>
    </ClInclude>
    <ClInclude Include="ChartCtrl\ChartGanttSerie.h">
      <Filter>ChartCtrl</Filter>
    </ClInclude>
    <ClInclude Include="ChartCtrl\ChartGradient.h">
      <Filter>ChartCtrl</Filter>
    </ClInclude>
    <ClInclude Include="ChartCtrl\ChartGrid.h">
      <Filter>ChartCtrl</Filter>
    </ClInclude>
    <ClInclude Include="ChartCtrl\ChartLabel.h">
      <Filter>ChartCtrl</Filter>
    </ClInclude>
    <ClInclude Include="ChartCtrl\ChartLegend.h">
      <Filter>ChartCtrl</Filter>
    </ClInclude>
    <ClInclude Include="ChartCtrl\ChartLineSerie.h">
      <Filter>ChartCtrl</Filter>
    </ClInclude>
    <ClInclude Include="ChartCtrl\ChartLineSerieDu.h">
      <Filter>ChartCtrl</Filter>
    </ClInclude>
    <ClInclude Include="ChartCtrl\ChartLogarithmicAxis.h">
      <Filter>ChartCtrl</Filter>
    </ClInclude>
    <ClInclude Include="ChartCtrl\ChartLogarithmicAxisDu.h">
      <Filter>ChartCtrl</Filter>
    </ClInclude>
    <ClInclude Include="ChartCtrl\ChartMouseListener.h">
      <Filter>ChartCtrl</Filter>
    </ClInclude>
    <ClInclude Include="ChartCtrl\ChartPointsArray.h">
      <Filter>ChartCtrl</Filter>
    </ClInclude>
    <ClInclude Include="ChartCtrl\ChartPointsSerie.h">
      <Filter>ChartCtrl</Filter>
    </ClInclude>
    <ClInclude Include="ChartCtrl\ChartScrollBar.h">
      <Filter>ChartCtrl</Filter>
    </ClInclude>
    <ClInclude Include="ChartCtrl\ChartSerie.h">
      <Filter>ChartCtrl</Filter>
    </ClInclude>
    <ClInclude Include="ChartCtrl\ChartSerieBase.h">
      <Filter>ChartCtrl</Filter>
    </ClInclude>
    <ClInclude Include="ChartCtrl\ChartSeriesMouseListener.h">
      <Filter>ChartCtrl</Filter>
    </ClInclude>
    <ClInclude Include="ChartCtrl\ChartStandardAxis.h">
      <Filter>ChartCtrl</Filter>
    </ClInclude>
    <ClInclude Include="ChartCtrl\ChartStandardAxisDu.h">
      <Filter>ChartCtrl</Filter>
    </ClInclude>
    <ClInclude Include="ChartCtrl\ChartString.h">
      <Filter>ChartCtrl</Filter>
    </ClInclude>
    <ClInclude Include="ChartCtrl\ChartSurfaceSerie.h">
      <Filter>ChartCtrl</Filter>
    </ClInclude>
    <ClInclude Include="ChartCtrl\ChartTitle.h">
      <Filter>ChartCtrl</Filter>
    </ClInclude>
    <ClInclude Include="ChartCtrl\ChartXYSerie.h">
      <Filter>ChartCtrl</Filter>
    </ClInclude>
    <ClInclude Include="ChartCtrl\ChartXYSerieDu.h">
      <Filter>ChartCtrl</Filter>
    </ClInclude>
    <ClInclude Include="ChartCtrl\DuChartCtrl.h">
      <Filter>ChartCtrl</Filter>
    </ClInclude>
    <ClInclude Include="ChartCtrl\DuChartCtrlShuxing.h">
      <Filter>ChartCtrl</Filter>
    </ClInclude>
    <ClInclude Include="ChartCtrl\DuChartCtrlStaticFunction.h">
      <Filter>ChartCtrl</Filter>
    </ClInclude>
    <ClInclude Include="ChartCtrl\DuExport.h">
      <Filter>ChartCtrl</Filter>
    </ClInclude>
    <ClInclude Include="ChartCtrl\MemDC.h">
      <Filter>ChartCtrl</Filter>
    </ClInclude>
    <ClInclude Include="ChartCtrl\PointsOrdering.h">
      <Filter>ChartCtrl</Filter>
    </ClInclude>
    <ClInclude Include="NewCellTypes\GridCellCheck.h">
      <Filter>NewCellTypes</Filter>
    </ClInclude>
    <ClInclude Include="NewCellTypes\GridCellCombo.h">
      <Filter>NewCellTypes</Filter>
    </ClInclude>
    <ClInclude Include="NewCellTypes\GridCellDateTime.h">
      <Filter>NewCellTypes</Filter>
    </ClInclude>
    <ClInclude Include="NewCellTypes\GridCellNumeric.h">
      <Filter>NewCellTypes</Filter>
    </ClInclude>
    <ClInclude Include="NewCellTypes\GridURLCell.h">
      <Filter>NewCellTypes</Filter>
    </ClInclude>
    <ClInclude Include="include\rapidjson\allocators.h">
      <Filter>rapidjson</Filter>
    </ClInclude>
    <ClInclude Include="include\rapidjson\cursorstreamwrapper.h">
      <Filter>rapidjson</Filter>
    </ClInclude>
    <ClInclude Include="include\rapidjson\document.h">
      <Filter>rapidjson</Filter>
    </ClInclude>
    <ClInclude Include="include\rapidjson\encodedstream.h">
      <Filter>rapidjson</Filter>
    </ClInclude>
    <ClInclude Include="include\rapidjson\encodings.h">
      <Filter>rapidjson</Filter>
    </ClInclude>
    <ClInclude Include="include\rapidjson\filereadstream.h">
      <Filter>rapidjson</Filter>
    </ClInclude>
    <ClInclude Include="include\rapidjson\filewritestream.h">
      <Filter>rapidjson</Filter>
    </ClInclude>
    <ClInclude Include="include\rapidjson\fwd.h">
      <Filter>rapidjson</Filter>
    </ClInclude>
    <ClInclude Include="include\rapidjson\istreamwrapper.h">
      <Filter>rapidjson</Filter>
    </ClInclude>
    <ClInclude Include="include\rapidjson\memorybuffer.h">
      <Filter>rapidjson</Filter>
    </ClInclude>
    <ClInclude Include="include\rapidjson\memorystream.h">
      <Filter>rapidjson</Filter>
    </ClInclude>
    <ClInclude Include="include\rapidjson\ostreamwrapper.h">
      <Filter>rapidjson</Filter>
    </ClInclude>
    <ClInclude Include="include\rapidjson\pointer.h">
      <Filter>rapidjson</Filter>
    </ClInclude>
    <ClInclude Include="include\rapidjson\prettywriter.h">
      <Filter>rapidjson</Filter>
    </ClInclude>
    <ClInclude Include="include\rapidjson\rapidjson.h">
      <Filter>rapidjson</Filter>
    </ClInclude>
    <ClInclude Include="include\rapidjson\reader.h">
      <Filter>rapidjson</Filter>
    </ClInclude>
    <ClInclude Include="include\rapidjson\schema.h">
      <Filter>rapidjson</Filter>
    </ClInclude>
    <ClInclude Include="include\rapidjson\stream.h">
      <Filter>rapidjson</Filter>
    </ClInclude>
    <ClInclude Include="include\rapidjson\stringbuffer.h">
      <Filter>rapidjson</Filter>
    </ClInclude>
    <ClInclude Include="include\rapidjson\writer.h">
      <Filter>rapidjson</Filter>
    </ClInclude>
    <ClInclude Include="include\rapidjson\error\en.h">
      <Filter>rapidjson\error</Filter>
    </ClInclude>
    <ClInclude Include="include\rapidjson\error\error.h">
      <Filter>rapidjson\error</Filter>
    </ClInclude>
    <ClInclude Include="include\rapidjson\internal\biginteger.h">
      <Filter>rapidjson\internal</Filter>
    </ClInclude>
    <ClInclude Include="include\rapidjson\internal\diyfp.h">
      <Filter>rapidjson\internal</Filter>
    </ClInclude>
    <ClInclude Include="include\rapidjson\internal\dtoa.h">
      <Filter>rapidjson\internal</Filter>
    </ClInclude>
    <ClInclude Include="include\rapidjson\internal\ieee754.h">
      <Filter>rapidjson\internal</Filter>
    </ClInclude>
    <ClInclude Include="include\rapidjson\internal\itoa.h">
      <Filter>rapidjson\internal</Filter>
    </ClInclude>
    <ClInclude Include="include\rapidjson\internal\meta.h">
      <Filter>rapidjson\internal</Filter>
    </ClInclude>
    <ClInclude Include="include\rapidjson\internal\pow10.h">
      <Filter>rapidjson\internal</Filter>
    </ClInclude>
    <ClInclude Include="include\rapidjson\internal\regex.h">
      <Filter>rapidjson\internal</Filter>
    </ClInclude>
    <ClInclude Include="include\rapidjson\internal\stack.h">
      <Filter>rapidjson\internal</Filter>
    </ClInclude>
    <ClInclude Include="include\rapidjson\internal\strfunc.h">
      <Filter>rapidjson\internal</Filter>
    </ClInclude>
    <ClInclude Include="include\rapidjson\internal\strtod.h">
      <Filter>rapidjson\internal</Filter>
    </ClInclude>
    <ClInclude Include="include\rapidjson\internal\swap.h">
      <Filter>rapidjson\internal</Filter>
    </ClInclude>
    <ClInclude Include="include\rapidjson\msinttypes\inttypes.h">
      <Filter>rapidjson\msinttypes</Filter>
    </ClInclude>
    <ClInclude Include="include\rapidjson\msinttypes\stdint.h">
      <Filter>rapidjson\msinttypes</Filter>
    </ClInclude>
    <ClInclude Include="Controller\ClassifierController.h">
      <Filter>头文件\Controller</Filter>
    </ClInclude>
    <ClInclude Include="Controller\DictionaryController.h">
      <Filter>头文件\Controller</Filter>
    </ClInclude>
    <ClInclude Include="Controller\FeatureExtrationController.h">
      <Filter>头文件\Controller</Filter>
    </ClInclude>
    <ClInclude Include="Controller\GraphAttributeController.h">
      <Filter>头文件\Controller</Filter>
    </ClInclude>
    <ClInclude Include="Controller\ProductController.h">
      <Filter>头文件\Controller</Filter>
    </ClInclude>
    <ClInclude Include="Controller\ProjectController.h">
      <Filter>头文件\Controller</Filter>
    </ClInclude>
    <ClInclude Include="Controller\SelfCheckController.h">
      <Filter>头文件\Controller</Filter>
    </ClInclude>
    <ClInclude Include="Controller\SensorController.h">
      <Filter>头文件\Controller</Filter>
    </ClInclude>
    <ClInclude Include="Controller\SensorParaController.h">
      <Filter>头文件\Controller</Filter>
    </ClInclude>
    <ClInclude Include="Controller\SignalController.h">
      <Filter>头文件\Controller</Filter>
    </ClInclude>
    <ClInclude Include="Controller\TesterController.h">
      <Filter>头文件\Controller</Filter>
    </ClInclude>
    <ClInclude Include="Controller\TestingDeviceController.h">
      <Filter>头文件\Controller</Filter>
    </ClInclude>
    <ClInclude Include="dao\basedao\PDAttribute.h">
      <Filter>头文件\dao\basedao</Filter>
    </ClInclude>
    <ClInclude Include="dao\basedao\PDDatabase.h">
      <Filter>头文件\dao\basedao</Filter>
    </ClInclude>
    <ClInclude Include="dao\basedao\PDSQL.h">
      <Filter>头文件\dao\basedao</Filter>
    </ClInclude>
    <ClInclude Include="dao\TbDictionaryDao.h">
      <Filter>头文件\dao</Filter>
    </ClInclude>
    <ClInclude Include="dao\TbProjectDao.h">
      <Filter>头文件\dao</Filter>
    </ClInclude>
    <ClInclude Include="dao\TbRecordSignalDao.h">
      <Filter>头文件\dao</Filter>
    </ClInclude>
    <ClInclude Include="dao\TbSensorDao.h">
      <Filter>头文件\dao</Filter>
    </ClInclude>
    <ClInclude Include="dao\TbSignalDao.h">
      <Filter>头文件\dao</Filter>
    </ClInclude>
    <ClInclude Include="dao\TbTesterDao.h">
      <Filter>头文件\dao</Filter>
    </ClInclude>
    <ClInclude Include="dao\TbTestingDeviceDao.h">
      <Filter>头文件\dao</Filter>
    </ClInclude>
    <ClInclude Include="entity\AcquiredSignal.h">
      <Filter>头文件\entity</Filter>
    </ClInclude>
    <ClInclude Include="entity\DataStructure.h">
      <Filter>头文件\entity</Filter>
    </ClInclude>
    <ClInclude Include="entity\EchoSignal.h">
      <Filter>头文件\entity</Filter>
    </ClInclude>
    <ClInclude Include="entity\RealTimeSignal.h">
      <Filter>头文件\entity</Filter>
    </ClInclude>
    <ClInclude Include="entity\Result.h">
      <Filter>头文件\entity</Filter>
    </ClInclude>
    <ClInclude Include="entity\SmartArray.h">
      <Filter>头文件\entity</Filter>
    </ClInclude>
    <ClInclude Include="entity\SmartFFTWComplexArray.h">
      <Filter>头文件\entity</Filter>
    </ClInclude>
    <ClInclude Include="entity\TbCollectionPlan.h">
      <Filter>头文件\entity</Filter>
    </ClInclude>
    <ClInclude Include="entity\TbDictionary.h">
      <Filter>头文件\entity</Filter>
    </ClInclude>
    <ClInclude Include="entity\TbProduct.h">
      <Filter>头文件\entity</Filter>
    </ClInclude>
    <ClInclude Include="entity\TbProject.h">
      <Filter>头文件\entity</Filter>
    </ClInclude>
    <ClInclude Include="entity\TbSensor.h">
      <Filter>头文件\entity</Filter>
    </ClInclude>
    <ClInclude Include="entity\TbSignal.h">
      <Filter>头文件\entity</Filter>
    </ClInclude>
    <ClInclude Include="entity\TbTester.h">
      <Filter>头文件\entity</Filter>
    </ClInclude>
    <ClInclude Include="entity\TbTestingDevice.h">
      <Filter>头文件\entity</Filter>
    </ClInclude>
    <ClInclude Include="dao\TbProductDao.h">
      <Filter>头文件\dao</Filter>
    </ClInclude>
    <ClInclude Include="FFT\fftw3.h">
      <Filter>头文件\FFT</Filter>
    </ClInclude>
    <ClInclude Include="Service\DictionaryService.h">
      <Filter>头文件\Service</Filter>
    </ClInclude>
    <ClInclude Include="Service\NetConService.h">
      <Filter>头文件\Service</Filter>
    </ClInclude>
    <ClInclude Include="Service\ProductService.h">
      <Filter>头文件\Service</Filter>
    </ClInclude>
    <ClInclude Include="Service\ProjectService.h">
      <Filter>头文件\Service</Filter>
    </ClInclude>
    <ClInclude Include="Service\SensorParaService.h">
      <Filter>头文件\Service</Filter>
    </ClInclude>
    <ClInclude Include="Service\SensorService.h">
      <Filter>头文件\Service</Filter>
    </ClInclude>
    <ClInclude Include="Service\SignalAcquisitionService.h">
      <Filter>头文件\Service</Filter>
    </ClInclude>
    <ClInclude Include="Service\SignalService.h">
      <Filter>头文件\Service</Filter>
    </ClInclude>
    <ClInclude Include="Service\TesterService.h">
      <Filter>头文件\Service</Filter>
    </ClInclude>
    <ClInclude Include="Service\TestingDeviceService.h">
      <Filter>头文件\Service</Filter>
    </ClInclude>
    <ClInclude Include="Utils\CherryTree.h">
      <Filter>头文件\Utils</Filter>
    </ClInclude>
    <ClInclude Include="Utils\CommonUtil.h">
      <Filter>头文件\Utils</Filter>
    </ClInclude>
    <ClInclude Include="Utils\ConfigurationUtil.h">
      <Filter>头文件\Utils</Filter>
    </ClInclude>
    <ClInclude Include="Utils\DateUtil.h">
      <Filter>头文件\Utils</Filter>
    </ClInclude>
    <ClInclude Include="Utils\FFTWUtil.h">
      <Filter>头文件\Utils</Filter>
    </ClInclude>
    <ClInclude Include="Utils\FileUtil.h">
      <Filter>头文件\Utils</Filter>
    </ClInclude>
    <ClInclude Include="Utils\httplib.h">
      <Filter>头文件\Utils</Filter>
    </ClInclude>
    <ClInclude Include="Utils\MyGridCtrl.h">
      <Filter>头文件\Utils</Filter>
    </ClInclude>
    <ClInclude Include="Utils\ThreadSafeQueue.h">
      <Filter>头文件\Utils</Filter>
    </ClInclude>
    <ClInclude Include="Redis\hiredis.h">
      <Filter>Redis</Filter>
    </ClInclude>
    <ClInclude Include="Redis\redisUtil.h">
      <Filter>Redis</Filter>
    </ClInclude>
    <ClInclude Include="Redis\win32fixes.h">
      <Filter>Redis</Filter>
    </ClInclude>
    <ClInclude Include="Resource.h">
      <Filter>头文件</Filter>
    </ClInclude>
    <ClInclude Include="Controller\Constant.h">
      <Filter>头文件</Filter>
    </ClInclude>
    <ClInclude Include="Controller\AdvantechDaqController.h">
      <Filter>头文件\Controller</Filter>
    </ClInclude>
    <ClInclude Include="Controller\CollectionPlanController.h">
      <Filter>头文件\Controller</Filter>
    </ClInclude>
    <ClInclude Include="Utils\JsonUtil.h">
      <Filter>头文件\Utils</Filter>
    </ClInclude>
    <ClInclude Include="Service\RecordSignalService.h">
      <Filter>头文件\Service</Filter>
    </ClInclude>
    <ClInclude Include="entity\TbRecordSignal.h">
      <Filter>头文件\entity</Filter>
    </ClInclude>
    <ClInclude Include="View\Picture\ColorView.h">
      <Filter>头文件\View\图形属性</Filter>
    </ClInclude>
    <ClInclude Include="View\Picture\CoordinateView.h">
      <Filter>头文件\View\图形属性</Filter>
    </ClInclude>
    <ClInclude Include="View\Picture\FontView.h">
      <Filter>头文件\View\图形属性</Filter>
    </ClInclude>
    <ClInclude Include="View\Picture\GraphAttributeView.h">
      <Filter>头文件\View\图形属性</Filter>
    </ClInclude>
    <ClInclude Include="View\Picture\GraphicAttributeView.h">
      <Filter>头文件\View\图形属性</Filter>
    </ClInclude>
    <ClInclude Include="View\Picture\LineView.h">
      <Filter>头文件\View\图形属性</Filter>
    </ClInclude>
    <ClInclude Include="View\Picture\SelectView.h">
      <Filter>头文件\View\图形属性</Filter>
    </ClInclude>
    <ClInclude Include="View\AirCraftCasingVibrateSystemView.h">
      <Filter>头文件\View</Filter>
    </ClInclude>
    <ClInclude Include="View\AlarmParaSetView.h">
      <Filter>头文件\View</Filter>
    </ClInclude>
    <ClInclude Include="View\BaseProjectInfoView.h">
      <Filter>头文件\View</Filter>
    </ClInclude>
    <ClInclude Include="View\ChannelParaDialog.h">
      <Filter>头文件\View</Filter>
    </ClInclude>
    <ClInclude Include="View\ChannelParaPresetView.h">
      <Filter>头文件\View</Filter>
    </ClInclude>
    <ClInclude Include="View\CollectionParaPresetView.h">
      <Filter>头文件\View</Filter>
    </ClInclude>
    <ClInclude Include="View\CollectionParaView.h">
      <Filter>头文件\View</Filter>
    </ClInclude>
    <ClInclude Include="View\CollectionPlanManageView.h">
      <Filter>头文件\View</Filter>
    </ClInclude>
    <ClInclude Include="View\CollectionPlanParaPresetView.h">
      <Filter>头文件\View</Filter>
    </ClInclude>
    <ClInclude Include="View\DetectDeviceManageView.h">
      <Filter>头文件\View</Filter>
    </ClInclude>
    <ClInclude Include="View\DeviceParaView.h">
      <Filter>头文件\View</Filter>
    </ClInclude>
    <ClInclude Include="View\EngineerUnitView.h">
      <Filter>头文件\View</Filter>
    </ClInclude>
    <ClInclude Include="View\GeneralParaView.h">
      <Filter>头文件\View</Filter>
    </ClInclude>
    <ClInclude Include="View\GeometricParaView.h">
      <Filter>头文件\View</Filter>
    </ClInclude>
    <ClInclude Include="View\LoginView.h">
      <Filter>头文件\View</Filter>
    </ClInclude>
    <ClInclude Include="View\NewProjectView.h">
      <Filter>头文件\View</Filter>
    </ClInclude>
    <ClInclude Include="View\OpenProjectView.h">
      <Filter>头文件\View</Filter>
    </ClInclude>
    <ClInclude Include="View\ProductManageView.h">
      <Filter>头文件\View</Filter>
    </ClInclude>
    <ClInclude Include="View\ProjectSetView.h">
      <Filter>头文件\View</Filter>
    </ClInclude>
    <ClInclude Include="View\RegisterView.h">
      <Filter>头文件\View</Filter>
    </ClInclude>
    <ClInclude Include="View\SignalDataView.h">
      <Filter>头文件\View</Filter>
    </ClInclude>
    <ClInclude Include="View\SignalSaveView.h">
      <Filter>头文件\View</Filter>
    </ClInclude>
    <ClInclude Include="View\SignalSelectView.h">
      <Filter>头文件\View</Filter>
    </ClInclude>
    <ClInclude Include="View\StateSetDialog.h">
      <Filter>头文件\View</Filter>
    </ClInclude>
    <ClInclude Include="View\StateSetDockPanelView.h">
      <Filter>头文件\View</Filter>
    </ClInclude>
    <ClInclude Include="View\StatisticView.h">
      <Filter>头文件\View</Filter>
    </ClInclude>
    <ClInclude Include="View\SubChannelParaView.h">
      <Filter>头文件\View</Filter>
    </ClInclude>
    <ClInclude Include="View\SystemParaDialog.h">
      <Filter>头文件\View</Filter>
    </ClInclude>
    <ClInclude Include="View\SystemParaView.h">
      <Filter>头文件\View</Filter>
    </ClInclude>
    <ClInclude Include="View\TriggerParaView.h">
      <Filter>头文件\View</Filter>
    </ClInclude>
  </ItemGroup>
  <ItemGroup>
    <ClCompile Include="AirCraftCasingVibrateSystem.cpp">
      <Filter>源文件</Filter>
    </ClCompile>
    <ClCompile Include="AirCraftCasingVibrateSystemDoc.cpp">
      <Filter>源文件</Filter>
    </ClCompile>
    <ClCompile Include="stdafx.cpp">
      <Filter>源文件</Filter>
    </ClCompile>
    <ClCompile Include="MainFrm.cpp">
      <Filter>源文件</Filter>
    </ClCompile>
    <ClCompile Include="ChildFrm.cpp">
      <Filter>源文件</Filter>
    </ClCompile>
    <ClCompile Include="GridCtrl_src\GridCell.cpp">
      <Filter>GridCtrl</Filter>
    </ClCompile>
    <ClCompile Include="GridCtrl_src\GridCellBase.cpp">
      <Filter>GridCtrl</Filter>
    </ClCompile>
    <ClCompile Include="GridCtrl_src\GridCtrl.cpp">
      <Filter>GridCtrl</Filter>
    </ClCompile>
    <ClCompile Include="GridCtrl_src\GridDropTarget.cpp">
      <Filter>GridCtrl</Filter>
    </ClCompile>
    <ClCompile Include="GridCtrl_src\InPlaceEdit.cpp">
      <Filter>GridCtrl</Filter>
    </ClCompile>
    <ClCompile Include="GridCtrl_src\TitleTip.cpp">
      <Filter>GridCtrl</Filter>
    </ClCompile>
    <ClCompile Include="ChartCtrl\ChartAxis.cpp">
      <Filter>ChartCtrl</Filter>
    </ClCompile>
    <ClCompile Include="ChartCtrl\ChartAxisDu.cpp">
      <Filter>ChartCtrl</Filter>
    </ClCompile>
    <ClCompile Include="ChartCtrl\ChartAxisLabel.cpp">
      <Filter>ChartCtrl</Filter>
    </ClCompile>
    <ClCompile Include="ChartCtrl\ChartBarAxisDu.cpp">
      <Filter>ChartCtrl</Filter>
    </ClCompile>
    <ClCompile Include="ChartCtrl\ChartBarSerie.cpp">
      <Filter>ChartCtrl</Filter>
    </ClCompile>
    <ClCompile Include="ChartCtrl\ChartBarSerieDu.cpp">
      <Filter>ChartCtrl</Filter>
    </ClCompile>
    <ClCompile Include="ChartCtrl\ChartCandlestickSerie.cpp">
      <Filter>ChartCtrl</Filter>
    </ClCompile>
    <ClCompile Include="ChartCtrl\ChartCrossHairCursor.cpp">
      <Filter>ChartCtrl</Filter>
    </ClCompile>
    <ClCompile Include="ChartCtrl\ChartCtrl.cpp">
      <Filter>ChartCtrl</Filter>
    </ClCompile>
    <ClCompile Include="ChartCtrl\ChartCursor.cpp">
      <Filter>ChartCtrl</Filter>
    </ClCompile>
    <ClCompile Include="ChartCtrl\ChartDateTimeAxis.cpp">
      <Filter>ChartCtrl</Filter>
    </ClCompile>
    <ClCompile Include="ChartCtrl\ChartDragLineCursor.cpp">
      <Filter>ChartCtrl</Filter>
    </ClCompile>
    <ClCompile Include="ChartCtrl\ChartDragLineCursorDu.cpp">
      <Filter>ChartCtrl</Filter>
    </ClCompile>
    <ClCompile Include="ChartCtrl\ChartDuCursorPeak.cpp">
      <Filter>ChartCtrl</Filter>
    </ClCompile>
    <ClCompile Include="ChartCtrl\ChartDuCursorTrough.cpp">
      <Filter>ChartCtrl</Filter>
    </ClCompile>
    <ClCompile Include="ChartCtrl\ChartDuCursorXie.cpp">
      <Filter>ChartCtrl</Filter>
    </ClCompile>
    <ClCompile Include="ChartCtrl\ChartFont.cpp">
      <Filter>ChartCtrl</Filter>
    </ClCompile>
    <ClCompile Include="ChartCtrl\ChartGanttSerie.cpp">
      <Filter>ChartCtrl</Filter>
    </ClCompile>
    <ClCompile Include="ChartCtrl\ChartGradient.cpp">
      <Filter>ChartCtrl</Filter>
    </ClCompile>
    <ClCompile Include="ChartCtrl\ChartGrid.cpp">
      <Filter>ChartCtrl</Filter>
    </ClCompile>
    <ClCompile Include="ChartCtrl\ChartLegend.cpp">
      <Filter>ChartCtrl</Filter>
    </ClCompile>
    <ClCompile Include="ChartCtrl\ChartLineSerie.cpp">
      <Filter>ChartCtrl</Filter>
    </ClCompile>
    <ClCompile Include="ChartCtrl\ChartLineSerieDu.cpp">
      <Filter>ChartCtrl</Filter>
    </ClCompile>
    <ClCompile Include="ChartCtrl\ChartLogarithmicAxis.cpp">
      <Filter>ChartCtrl</Filter>
    </ClCompile>
    <ClCompile Include="ChartCtrl\ChartLogarithmicAxisDu.cpp">
      <Filter>ChartCtrl</Filter>
    </ClCompile>
    <ClCompile Include="ChartCtrl\ChartPointsSerie.cpp">
      <Filter>ChartCtrl</Filter>
    </ClCompile>
    <ClCompile Include="ChartCtrl\ChartScrollBar.cpp">
      <Filter>ChartCtrl</Filter>
    </ClCompile>
    <ClCompile Include="ChartCtrl\ChartSerie.cpp">
      <Filter>ChartCtrl</Filter>
    </ClCompile>
    <ClCompile Include="ChartCtrl\ChartStandardAxis.cpp">
      <Filter>ChartCtrl</Filter>
    </ClCompile>
    <ClCompile Include="ChartCtrl\ChartStandardAxisDu.cpp">
      <Filter>ChartCtrl</Filter>
    </ClCompile>
    <ClCompile Include="ChartCtrl\ChartSurfaceSerie.cpp">
      <Filter>ChartCtrl</Filter>
    </ClCompile>
    <ClCompile Include="ChartCtrl\ChartTitle.cpp">
      <Filter>ChartCtrl</Filter>
    </ClCompile>
    <ClCompile Include="ChartCtrl\ChartXYSerie.cpp">
      <Filter>ChartCtrl</Filter>
    </ClCompile>
    <ClCompile Include="ChartCtrl\ChartXYSerieDu.cpp">
      <Filter>ChartCtrl</Filter>
    </ClCompile>
    <ClCompile Include="ChartCtrl\DuChartCtrl.cpp">
      <Filter>ChartCtrl</Filter>
    </ClCompile>
    <ClCompile Include="ChartCtrl\DuChartCtrlShuxing.cpp">
      <Filter>ChartCtrl</Filter>
    </ClCompile>
    <ClCompile Include="ChartCtrl\DuChartCtrlStaticFunction.cpp">
      <Filter>ChartCtrl</Filter>
    </ClCompile>
    <ClCompile Include="NewCellTypes\GridCellCheck.cpp">
      <Filter>NewCellTypes</Filter>
    </ClCompile>
    <ClCompile Include="NewCellTypes\GridCellCombo.cpp">
      <Filter>NewCellTypes</Filter>
    </ClCompile>
    <ClCompile Include="NewCellTypes\GridCellDateTime.cpp">
      <Filter>NewCellTypes</Filter>
    </ClCompile>
    <ClCompile Include="NewCellTypes\GridCellNumeric.cpp">
      <Filter>NewCellTypes</Filter>
    </ClCompile>
    <ClCompile Include="NewCellTypes\GridURLCell.cpp">
      <Filter>NewCellTypes</Filter>
    </ClCompile>
    <ClCompile Include="Controller\ClassifierController.cpp">
      <Filter>源文件\Controller</Filter>
    </ClCompile>
    <ClCompile Include="Controller\DictionaryController.cpp">
      <Filter>源文件\Controller</Filter>
    </ClCompile>
    <ClCompile Include="Controller\FeatureExtrationController.cpp">
      <Filter>源文件\Controller</Filter>
    </ClCompile>
    <ClCompile Include="Controller\GraphAttributeController.cpp">
      <Filter>源文件\Controller</Filter>
    </ClCompile>
    <ClCompile Include="Controller\ProductController.cpp">
      <Filter>源文件\View</Filter>
    </ClCompile>
    <ClCompile Include="Controller\ProjectController.cpp">
      <Filter>源文件\Controller</Filter>
    </ClCompile>
    <ClCompile Include="Controller\SelfCheckController.cpp">
      <Filter>源文件\Controller</Filter>
    </ClCompile>
    <ClCompile Include="Controller\SensorController.cpp">
      <Filter>源文件\Controller</Filter>
    </ClCompile>
    <ClCompile Include="Controller\SensorParaController.cpp">
      <Filter>源文件\Controller</Filter>
    </ClCompile>
    <ClCompile Include="Controller\SignalController.cpp">
      <Filter>源文件\Controller</Filter>
    </ClCompile>
    <ClCompile Include="Controller\TesterController.cpp">
      <Filter>源文件\Controller</Filter>
    </ClCompile>
    <ClCompile Include="Controller\TestingDeviceController.cpp">
      <Filter>源文件\Controller</Filter>
    </ClCompile>
    <ClCompile Include="dao\basedao\PDAttribute.cpp">
      <Filter>源文件\dao\basedao</Filter>
    </ClCompile>
    <ClCompile Include="dao\basedao\PDDatabase.cpp">
      <Filter>源文件\dao\basedao</Filter>
    </ClCompile>
    <ClCompile Include="dao\basedao\PDSQL.cpp">
      <Filter>源文件\dao\basedao</Filter>
    </ClCompile>
    <ClCompile Include="dao\TbDictionaryDao.cpp">
      <Filter>源文件\dao</Filter>
    </ClCompile>
    <ClCompile Include="dao\TbProjectDao.cpp">
      <Filter>源文件\dao</Filter>
    </ClCompile>
    <ClCompile Include="dao\TbRecordSignalDao.cpp">
      <Filter>源文件\dao</Filter>
    </ClCompile>
    <ClCompile Include="dao\TbSensorDao.cpp">
      <Filter>源文件\dao</Filter>
    </ClCompile>
    <ClCompile Include="dao\TbSignalDao.cpp">
      <Filter>源文件\dao</Filter>
    </ClCompile>
    <ClCompile Include="dao\TbTesterDao.cpp">
      <Filter>源文件\dao</Filter>
    </ClCompile>
    <ClCompile Include="dao\TbTestingDeviceDao.cpp">
      <Filter>源文件\dao</Filter>
    </ClCompile>
    <ClCompile Include="entity\AcquiredSignal.cpp">
      <Filter>源文件\entity</Filter>
    </ClCompile>
    <ClCompile Include="entity\EchoSignal.cpp">
      <Filter>源文件\entity</Filter>
    </ClCompile>
    <ClCompile Include="entity\RealTimeSignal.cpp">
      <Filter>源文件\entity</Filter>
    </ClCompile>
    <ClCompile Include="entity\Result.cpp">
      <Filter>源文件\entity</Filter>
    </ClCompile>
    <ClCompile Include="entity\SmartFFTWComplexArray.cpp">
      <Filter>源文件\entity</Filter>
    </ClCompile>
    <ClCompile Include="entity\TbCollectionPlan.cpp">
      <Filter>源文件\dao</Filter>
    </ClCompile>
    <ClCompile Include="entity\TbDictionary.cpp">
      <Filter>源文件\entity</Filter>
    </ClCompile>
    <ClCompile Include="entity\TbProduct.cpp">
      <Filter>源文件\entity</Filter>
    </ClCompile>
    <ClCompile Include="entity\TbProject.cpp">
      <Filter>源文件\entity</Filter>
    </ClCompile>
    <ClCompile Include="entity\TbSensor.cpp">
      <Filter>源文件\entity</Filter>
    </ClCompile>
    <ClCompile Include="entity\TbSignal.cpp">
      <Filter>源文件\entity</Filter>
    </ClCompile>
    <ClCompile Include="entity\TbTester.cpp">
      <Filter>源文件\entity</Filter>
    </ClCompile>
    <ClCompile Include="entity\TbTestingDevice.cpp">
      <Filter>源文件\dao</Filter>
    </ClCompile>
    <ClCompile Include="dao\TbProductDao.cpp">
      <Filter>源文件\dao</Filter>
    </ClCompile>
    <ClCompile Include="Service\DictionaryService.cpp">
      <Filter>源文件\Service</Filter>
    </ClCompile>
    <ClCompile Include="Service\NetConService.cpp">
      <Filter>源文件\Service</Filter>
    </ClCompile>
    <ClCompile Include="Service\ProductService.cpp">
      <Filter>源文件\Service</Filter>
    </ClCompile>
    <ClCompile Include="Service\ProjectService.cpp">
      <Filter>源文件\Service</Filter>
    </ClCompile>
    <ClCompile Include="Service\SensorParaService.cpp">
      <Filter>源文件\Service</Filter>
    </ClCompile>
    <ClCompile Include="Service\SensorService.cpp">
      <Filter>源文件\Service</Filter>
    </ClCompile>
    <ClCompile Include="Service\SignalAcquisitionService.cpp">
      <Filter>源文件\Service</Filter>
    </ClCompile>
    <ClCompile Include="Service\SignalService.cpp">
      <Filter>源文件\Service</Filter>
    </ClCompile>
    <ClCompile Include="Service\TesterService.cpp">
      <Filter>源文件\Service</Filter>
    </ClCompile>
    <ClCompile Include="Service\TestingDeviceService.cpp">
      <Filter>源文件\Service</Filter>
    </ClCompile>
    <ClCompile Include="Utils\CherryTree.cpp">
      <Filter>源文件\Utils</Filter>
    </ClCompile>
    <ClCompile Include="Utils\CommonUtil.cpp">
      <Filter>源文件\Utils</Filter>
    </ClCompile>
    <ClCompile Include="Utils\ConfigurationUtil.cpp">
      <Filter>源文件\Utils</Filter>
    </ClCompile>
    <ClCompile Include="Utils\DateUtil.cpp">
      <Filter>源文件\Utils</Filter>
    </ClCompile>
    <ClCompile Include="Utils\FFTWUtil.cpp">
      <Filter>源文件\Utils</Filter>
    </ClCompile>
    <ClCompile Include="Utils\FileUtil.cpp">
      <Filter>源文件\Utils</Filter>
    </ClCompile>
    <ClCompile Include="Utils\MyGridCtrl.cpp">
      <Filter>源文件\Utils</Filter>
    </ClCompile>
    <ClCompile Include="Redis\win32fixes.c">
      <Filter>Redis</Filter>
    </ClCompile>
    <ClCompile Include="Controller\AdvantechDaqController.cpp">
      <Filter>源文件\Controller</Filter>
    </ClCompile>
    <ClCompile Include="Controller\CollectionPlanController.cpp">
      <Filter>源文件\Controller</Filter>
    </ClCompile>
    <ClCompile Include="Utils\JsonUtil.cpp">
      <Filter>源文件\Utils</Filter>
    </ClCompile>
    <ClCompile Include="Service\RecordSignalService.cpp">
      <Filter>头文件\View</Filter>
    </ClCompile>
    <ClCompile Include="entity\TbRecordSignal.cpp">
      <Filter>源文件\entity</Filter>
    </ClCompile>
    <ClCompile Include="View\Picture\ColorView.cpp">
      <Filter>源文件\View\图形属性</Filter>
    </ClCompile>
    <ClCompile Include="View\Picture\CoordinateView.cpp">
      <Filter>源文件\View\图形属性</Filter>
    </ClCompile>
    <ClCompile Include="View\Picture\FontView.cpp">
      <Filter>源文件\View\图形属性</Filter>
    </ClCompile>
    <ClCompile Include="View\Picture\GraphAttributeView.cpp">
      <Filter>源文件\View\图形属性</Filter>
    </ClCompile>
    <ClCompile Include="View\Picture\GraphicAttributeView.cpp">
      <Filter>源文件\View</Filter>
    </ClCompile>
    <ClCompile Include="View\Picture\LineView.cpp">
      <Filter>源文件\View\图形属性</Filter>
    </ClCompile>
    <ClCompile Include="View\Picture\SelectView.cpp">
      <Filter>源文件\View\图形属性</Filter>
    </ClCompile>
    <ClCompile Include="View\AirCraftCasingVibrateSystemView.cpp">
      <Filter>源文件\View</Filter>
    </ClCompile>
    <ClCompile Include="View\AlarmParaSetView.cpp">
      <Filter>源文件\View</Filter>
    </ClCompile>
    <ClCompile Include="View\BaseProjectInfoView.cpp">
      <Filter>源文件\View</Filter>
    </ClCompile>
    <ClCompile Include="View\ChannelParaDialog.cpp">
      <Filter>源文件\View</Filter>
    </ClCompile>
    <ClCompile Include="View\ChannelParaPresetView.cpp">
      <Filter>源文件\View</Filter>
    </ClCompile>
    <ClCompile Include="View\ChannelParaView.cpp">
      <Filter>源文件\View</Filter>
    </ClCompile>
    <ClCompile Include="View\CollectionParaPresetView.cpp">
      <Filter>源文件\View</Filter>
    </ClCompile>
    <ClCompile Include="View\CollectionParaView.cpp">
      <Filter>源文件\View</Filter>
    </ClCompile>
    <ClCompile Include="View\CollectionPlanManageView.cpp">
      <Filter>源文件\View</Filter>
    </ClCompile>
    <ClCompile Include="View\CollectionPlanParaPresetView.cpp">
      <Filter>源文件\View</Filter>
    </ClCompile>
    <ClCompile Include="View\DetectDeviceManageView.cpp">
      <Filter>源文件\View</Filter>
    </ClCompile>
    <ClCompile Include="View\DeviceParaView.cpp">
      <Filter>源文件\View</Filter>
    </ClCompile>
    <ClCompile Include="View\EngineerUnitView.cpp">
      <Filter>源文件\View</Filter>
    </ClCompile>
    <ClCompile Include="View\GeneralParaView.cpp">
      <Filter>源文件\View</Filter>
    </ClCompile>
    <ClCompile Include="View\GeometricParaView.cpp">
      <Filter>源文件\View</Filter>
    </ClCompile>
    <ClCompile Include="View\LoginView.cpp">
      <Filter>源文件\View</Filter>
    </ClCompile>
    <ClCompile Include="View\NewProjectView.cpp">
      <Filter>源文件\View</Filter>
    </ClCompile>
    <ClCompile Include="View\OpenProjectView.cpp">
      <Filter>源文件\View</Filter>
    </ClCompile>
    <ClCompile Include="View\ProductManageView.cpp">
      <Filter>源文件\View</Filter>
    </ClCompile>
    <ClCompile Include="View\ProjectSetView.cpp">
      <Filter>源文件\View</Filter>
    </ClCompile>
    <ClCompile Include="View\RegisterView.cpp">
      <Filter>源文件\View</Filter>
    </ClCompile>
    <ClCompile Include="View\SignalDataView.cpp">
      <Filter>源文件\View</Filter>
    </ClCompile>
    <ClCompile Include="View\SignalSaveView.cpp">
      <Filter>源文件\View</Filter>
    </ClCompile>
    <ClCompile Include="View\SignalSelectView.cpp">
      <Filter>源文件\View</Filter>
    </ClCompile>
    <ClCompile Include="View\StateSetDialog.cpp">
      <Filter>源文件\View</Filter>
    </ClCompile>
    <ClCompile Include="View\StateSetDockPanelView.cpp">
      <Filter>源文件\View</Filter>
    </ClCompile>
    <ClCompile Include="View\StatisticView.cpp">
      <Filter>源文件\View</Filter>
    </ClCompile>
    <ClCompile Include="View\SubChannelParaView.cpp">
      <Filter>源文件\View</Filter>
    </ClCompile>
    <ClCompile Include="View\SystemParaDialog.cpp">
      <Filter>源文件\View</Filter>
    </ClCompile>
    <ClCompile Include="View\SystemParaView.cpp">
      <Filter>源文件\View</Filter>
    </ClCompile>
    <ClCompile Include="View\TriggerParaView.cpp">
      <Filter>源文件\View</Filter>
    </ClCompile>
  </ItemGroup>
  <ItemGroup>
    <ResourceCompile Include="AirCraftCasingVibrateSystem.rc">
      <Filter>资源文件</Filter>
    </ResourceCompile>
  </ItemGroup>
  <ItemGroup>
    <Image Include="res\info.bmp">
      <Filter>资源文件</Filter>
    </Image>
    <Image Include="res\buttons.bmp">
      <Filter>资源文件</Filter>
    </Image>
    <Image Include="res\filelarge.bmp">
      <Filter>资源文件</Filter>
    </Image>
    <Image Include="res\filesmall.bmp">
      <Filter>资源文件</Filter>
    </Image>
    <Image Include="res\main.bmp">
      <Filter>资源文件</Filter>
    </Image>
    <Image Include="res\writelarge.bmp">
      <Filter>资源文件</Filter>
    </Image>
    <Image Include="res\writesmall.bmp">
      <Filter>资源文件</Filter>
    </Image>
    <Image Include="res\AirCraftCasingVibrateSystemDoc.ico">
      <Filter>资源文件</Filter>
    </Image>
    <Image Include="res\AirCraftCasingVibrateSystem.ico">
      <Filter>资源文件</Filter>
    </Image>
    <Image Include="res\Toolbar.bmp">
      <Filter>资源文件</Filter>
    </Image>
    <Image Include="res\Toolbar256.bmp">
      <Filter>资源文件</Filter>
    </Image>
    <Image Include="res\bitmap1.bmp">
      <Filter>资源文件</Filter>
    </Image>
    <Image Include="res\bitmap2.bmp">
      <Filter>资源文件</Filter>
    </Image>
    <Image Include="C:\Users\Administrator\Desktop\start.ico">
      <Filter>资源文件</Filter>
    </Image>
    <Image Include="res\icon1.ico">
      <Filter>资源文件</Filter>
    </Image>
    <Image Include="res\start.ico">
      <Filter>资源文件</Filter>
    </Image>
    <Image Include="res\bitmap3.bmp">
      <Filter>资源文件</Filter>
    </Image>
    <Image Include="res\start3.bmp">
      <Filter>资源文件</Filter>
    </Image>
    <Image Include="res\bitmap4.bmp">
      <Filter>资源文件</Filter>
    </Image>
    <Image Include="C:\Users\Administrator\Desktop\Project8.bmp">
      <Filter>资源文件</Filter>
    </Image>
    <Image Include="res\Project8.bmp">
      <Filter>资源文件</Filter>
    </Image>
    <Image Include="res\Project10.bmp">
      <Filter>资源文件</Filter>
    </Image>
    <Image Include="res\small.bmp">
      <Filter>资源文件</Filter>
    </Image>
    <Image Include="res\fileLarge.ico">
      <Filter>资源文件</Filter>
    </Image>
    <Image Include="res\filesLarge.bmp">
      <Filter>资源文件</Filter>
    </Image>
    <Image Include="res\contrlBig.bmp">
      <Filter>资源文件</Filter>
    </Image>
    <Image Include="res\contrlSmall.bmp">
      <Filter>资源文件</Filter>
    </Image>
    <Image Include="res\fileBigBMP.bmp">
      <Filter>资源文件</Filter>
    </Image>
    <Image Include="res\systemBig.bmp">
      <Filter>资源文件</Filter>
    </Image>
    <Image Include="res\signalGreen.bmp">
      <Filter>资源文件</Filter>
    </Image>
    <Image Include="res\signalRed.bmp">
      <Filter>资源文件</Filter>
    </Image>
  </ItemGroup>
  <ItemGroup>
    <None Include="res\ribbon.mfcribbon-ms">
      <Filter>资源文件</Filter>
    </None>
    <None Include="res\AirCraftCasingVibrateSystem.rc2">
      <Filter>资源文件</Filter>
    </None>
    <None Include="ChartCtrl\ChartBalloonLabel.inl">
      <Filter>ChartCtrl</Filter>
    </None>
    <None Include="ChartCtrl\ChartLabel.inl">
      <Filter>ChartCtrl</Filter>
    </None>
    <None Include="ChartCtrl\ChartPointsArray.inl">
      <Filter>ChartCtrl</Filter>
    </None>
    <None Include="ChartCtrl\ChartSerieBase.inl">
      <Filter>ChartCtrl</Filter>
    </None>
  </ItemGroup>
</Project>